// !$*UTF8*$!
{
	archiveVersion = 1;
	classes = {
	};
	objectVersion = 56;
	objects = {

/* Begin PBXBuildFile section */
		BP0001 /* BasicPitchDemoApp.swift in Sources */ = {isa = PBXBuildFile; fileRef = BP0002 /* BasicPitchDemoApp.swift */; };
		BP0003 /* ContentView.swift in Sources */ = {isa = PBXBuildFile; fileRef = BP0004 /* ContentView.swift */; };
		BP0005 /* Assets.xcassets in Resources */ = {isa = PBXBuildFile; fileRef = BP0006 /* Assets.xcassets */; };
		BP0030 /* BasicPitchInference.swift in Sources */ = {isa = PBXBuildFile; fileRef = BP0031 /* BasicPitchInference.swift */; };
		BP0032 /* NoteCreation.swift in Sources */ = {isa = PBXBuildFile; fileRef = BP0033 /* NoteCreation.swift */; };
		BP0034 /* MIDIWriter.swift in Sources */ = {isa = PBXBuildFile; fileRef = BP0035 /* MIDIWriter.swift */; };
		BP0036 /* PianoRollView.swift in Sources */ = {isa = PBXBuildFile; fileRef = BP0037 /* PianoRollView.swift */; };
		BP0040 /* nmp.mlpackage in Sources */ = {isa = PBXBuildFile; fileRef = BP0041 /* nmp.mlpackage */; };
		BP0042 /* NoteSynthesizer.swift in Sources */ = {isa = PBXBuildFile; fileRef = BP0043 /* NoteSynthesizer.swift */; };
/* End PBXBuildFile section */

/* Begin PBXFileReference section */
		BP0002 /* BasicPitchDemoApp.swift */ = {isa = PBXFileReference; lastKnownFileType = sourcecode.swift; path = BasicPitchDemoApp.swift; sourceTree = "<group>"; };
		BP0004 /* ContentView.swift */ = {isa = PBXFileReference; lastKnownFileType = sourcecode.swift; path = ContentView.swift; sourceTree = "<group>"; };
		BP0006 /* Assets.xcassets */ = {isa = PBXFileReference; lastKnownFileType = folder.assetcatalog; path = Assets.xcassets; sourceTree = "<group>"; };
		BP0007 /* BasicPitchDemo.app */ = {isa = PBXFileReference; explicitFileType = wrapper.application; includeInIndex = 0; path = BasicPitchDemo.app; sourceTree = BUILT_PRODUCTS_DIR; };
		BP0008 /* Info.plist */ = {isa = PBXFileReference; lastKnownFileType = text.plist.xml; path = Info.plist; sourceTree = "<group>"; };
		BP0031 /* BasicPitchInference.swift */ = {isa = PBXFileReference; lastKnownFileType = sourcecode.swift; path = BasicPitchInference.swift; sourceTree = "<group>"; };
		BP0033 /* NoteCreation.swift */ = {isa = PBXFileReference; lastKnownFileType = sourcecode.swift; path = NoteCreation.swift; sourceTree = "<group>"; };
		BP0035 /* MIDIWriter.swift */ = {isa = PBXFileReference; lastKnownFileType = sourcecode.swift; path = MIDIWriter.swift; sourceTree = "<group>"; };
		BP0037 /* PianoRollView.swift */ = {isa = PBXFileReference; lastKnownFileType = sourcecode.swift; path = PianoRollView.swift; sourceTree = "<group>"; };
		BP0041 /* nmp.mlpackage */ = {isa = PBXFileReference; lastKnownFileType = folder.mlpackage; path = nmp.mlpackage; sourceTree = "<group>"; };
		BP0043 /* NoteSynthesizer.swift */ = {isa = PBXFileReference; lastKnownFileType = sourcecode.swift; path = NoteSynthesizer.swift; sourceTree = "<group>"; };
/* End PBXFileReference section */

/* Begin PBXFrameworksBuildPhase section */
		BP0009 /* Frameworks */ = {
			isa = PBXFrameworksBuildPhase;
			buildActionMask = 2147483647;
			files = (
			);
			runOnlyForDeploymentPostprocessing = 0;
		};
/* End PBXFrameworksBuildPhase section */

/* Begin PBXGroup section */
		BP0010 = {
			isa = PBXGroup;
			children = (
				BP0011 /* BasicPitchDemo */,
				BP0012 /* Products */,
			);
			sourceTree = "<group>";
		};
		BP0011 /* BasicPitchDemo */ = {
			isa = PBXGroup;
			children = (
				BP0002 /* BasicPitchDemoApp.swift */,
				BP0004 /* ContentView.swift */,
				BP0031 /* BasicPitchInference.swift */,
				BP0033 /* NoteCreation.swift */,
				BP0035 /* MIDIWriter.swift */,
				BP0037 /* PianoRollView.swift */,
				BP0006 /* Assets.xcassets */,
				BP0008 /* Info.plist */,
				BP0041 /* nmp.mlpackage */,
				BP0043 /* NoteSynthesizer.swift */,
			);
			path = BasicPitchDemo;
			sourceTree = "<group>";
		};
		BP0012 /* Products */ = {
			isa = PBXGroup;
			children = (
				BP0007 /* BasicPitchDemo.app */,
			);
			name = Products;
			sourceTree = "<group>";
		};
/* End PBXGroup section */

/* Begin PBXNativeTarget section */
		BP0013 /* BasicPitchDemo */ = {
			isa = PBXNativeTarget;
			buildConfigurationList = BP0014 /* Build configuration list for PBXNativeTarget "BasicPitchDemo" */;
			buildPhases = (
				BP0015 /* Sources */,
				BP0009 /* Frameworks */,
				BP0016 /* Resources */,
			);
			buildRules = (
			);
			dependencies = (
			);
			name = BasicPitchDemo;
			productName = BasicPitchDemo;
			productReference = BP0007 /* BasicPitchDemo.app */;
			productType = "com.apple.product-type.application";
		};
/* End PBXNativeTarget section */

/* Begin PBXProject section */
		BP0017 /* Project object */ = {
			isa = PBXProject;
			attributes = {
				BuildIndependentTargetsInParallel = 1;
				LastSwiftUpdateCheck = 1500;
				LastUpgradeCheck = 1500;
				TargetAttributes = {
					BP0013 = {
						CreatedOnToolsVersion = 15.0;
					};
				};
			};
			buildConfigurationList = BP0018 /* Build configuration list for PBXProject "BasicPitchDemo" */;
			compatibilityVersion = "Xcode 14.0";
			developmentRegion = en;
			hasScannedForEncodings = 0;
			knownRegions = (
				en,
				Base,
			);
			mainGroup = BP0010;
			productRefGroup = BP0012 /* Products */;
			projectDirPath = "";
			projectRoot = "";
			targets = (
				BP0013 /* BasicPitchDemo */,
			);
		};
/* End PBXProject section */

/* Begin PBXResourcesBuildPhase section */
		BP0016 /* Resources */ = {
			isa = PBXResourcesBuildPhase;
			buildActionMask = 2147483647;
			files = (
				BP0005 /* Assets.xcassets in Resources */,
			);
			runOnlyForDeploymentPostprocessing = 0;
		};
/* End PBXResourcesBuildPhase section */

/* Begin PBXSourcesBuildPhase section */
		BP0015 /* Sources */ = {
			isa = PBXSourcesBuildPhase;
			buildActionMask = 2147483647;
			files = (
				BP0001 /* BasicPitchDemoApp.swift in Sources */,
				BP0003 /* ContentView.swift in Sources */,
				BP0030 /* BasicPitchInference.swift in Sources */,
				BP0032 /* NoteCreation.swift in Sources */,
				BP0034 /* MIDIWriter.swift in Sources */,
				BP0036 /* PianoRollView.swift in Sources */,
				BP0040 /* nmp.mlpackage in Sources */,
				BP0042 /* NoteSynthesizer.swift in Sources */,
			);
			runOnlyForDeploymentPostprocessing = 0;
		};
/* End PBXSourcesBuildPhase section */

/* Begin XCBuildConfiguration section */
		BP0019 /* Debug */ = {
			isa = XCBuildConfiguration;
			buildSettings = {
				ALWAYS_SEARCH_USER_PATHS = NO;
				ASSETCATALOG_COMPILER_GENERATE_SWIFT_ASSET_SYMBOL_EXTENSIONS = YES;
				CLANG_ANALYZER_NONNULL = YES;
				CLANG_CXX_LANGUAGE_STANDARD = "gnu++20";
				CLANG_ENABLE_MODULES = YES;
				CLANG_ENABLE_OBJC_ARC = YES;
				COPY_PHASE_STRIP = NO;
				DEBUG_INFORMATION_FORMAT = dwarf;
				ENABLE_STRICT_OBJC_MSGSEND = YES;
				ENABLE_TESTABILITY = YES;
				GCC_DYNAMIC_NO_PIC = NO;
				GCC_OPTIMIZATION_LEVEL = 0;
				GCC_PREPROCESSOR_DEFINITIONS = (
					"DEBUG=1",
					"$(inherited)",
				);
				GCC_WARN_ABOUT_RETURN_TYPE = YES_ERROR;
				GCC_WARN_UNINITIALIZED_AUTOS = YES_AGGRESSIVE;
				IPHONEOS_DEPLOYMENT_TARGET = 16.0;
				MTL_ENABLE_DEBUG_INFO = INCLUDE_SOURCE;
				ONLY_ACTIVE_ARCH = YES;
				SDKROOT = iphoneos;
				SWIFT_ACTIVE_COMPILATION_CONDITIONS = DEBUG;
				SWIFT_OPTIMIZATION_LEVEL = "-Onone";
			};
			name = Debug;
		};
		BP0020 /* Release */ = {
			isa = XCBuildConfiguration;
			buildSettings = {
				ALWAYS_SEARCH_USER_PATHS = NO;
				ASSETCATALOG_COMPILER_GENERATE_SWIFT_ASSET_SYMBOL_EXTENSIONS = YES;
				CLANG_ANALYZER_NONNULL = YES;
				CLANG_CXX_LANGUAGE_STANDARD = "gnu++20";
				CLANG_ENABLE_MODULES = YES;
				CLANG_ENABLE_OBJC_ARC = YES;
				COPY_PHASE_STRIP = NO;
				DEBUG_INFORMATION_FORMAT = "dwarf-with-dsym";
				ENABLE_NS_ASSERTIONS = NO;
				ENABLE_STRICT_OBJC_MSGSEND = YES;
				GCC_WARN_ABOUT_RETURN_TYPE = YES_ERROR;
				GCC_WARN_UNINITIALIZED_AUTOS = YES_AGGRESSIVE;
				IPHONEOS_DEPLOYMENT_TARGET = 16.0;
				SDKROOT = iphoneos;
				SWIFT_COMPILATION_MODE = wholemodule;
				SWIFT_OPTIMIZATION_LEVEL = "-O";
				VALIDATE_PRODUCT = YES;
			};
			name = Release;
		};
		BP0021 /* Debug */ = {
			isa = XCBuildConfiguration;
			buildSettings = {
				ASSETCATALOG_COMPILER_APPICON_NAME = AppIcon;
				ASSETCATALOG_COMPILER_GLOBAL_ACCENT_COLOR_NAME = AccentColor;
				CODE_SIGN_STYLE = Automatic;
				CURRENT_PROJECT_VERSION = 1;
				DEVELOPMENT_TEAM = MFN25KNUGJ;
				GENERATE_INFOPLIST_FILE = YES;
				INFOPLIST_FILE = BasicPitchDemo/Info.plist;
				INFOPLIST_KEY_UIApplicationSceneManifest_Generation = YES;
				INFOPLIST_KEY_UIApplicationSupportsIndirectInputEvents = YES;
				INFOPLIST_KEY_UILaunchScreen_Generation = YES;
				INFOPLIST_KEY_UISupportedInterfaceOrientations_iPad = "UIInterfaceOrientationPortrait UIInterfaceOrientationPortraitUpsideDown UIInterfaceOrientationLandscapeLeft UIInterfaceOrientationLandscapeRight";
				INFOPLIST_KEY_UISupportedInterfaceOrientations_iPhone = "UIInterfaceOrientationPortrait UIInterfaceOrientationLandscapeLeft UIInterfaceOrientationLandscapeRight";
				LD_RUNPATH_SEARCH_PATHS = (
					"$(inherited)",
					"@executable_path/Frameworks",
				);
				MARKETING_VERSION = 1.0;
				PRODUCT_BUNDLE_IDENTIFIER = "com.coreml-models.basicpitchdemo";
				PRODUCT_NAME = "$(TARGET_NAME)";
				SWIFT_EMIT_LOC_STRINGS = YES;
				SWIFT_VERSION = 5.0;
				TARGETED_DEVICE_FAMILY = "1,2";
			};
			name = Debug;
		};
		BP0022 /* Release */ = {
			isa = XCBuildConfiguration;
			buildSettings = {
				ASSETCATALOG_COMPILER_APPICON_NAME = AppIcon;
				ASSETCATALOG_COMPILER_GLOBAL_ACCENT_COLOR_NAME = AccentColor;
				CODE_SIGN_STYLE = Automatic;
				CURRENT_PROJECT_VERSION = 1;
				DEVELOPMENT_TEAM = MFN25KNUGJ;
				GENERATE_INFOPLIST_FILE = YES;
				INFOPLIST_FILE = BasicPitchDemo/Info.plist;
				INFOPLIST_KEY_UIApplicationSceneManifest_Generation = YES;
				INFOPLIST_KEY_UIApplicationSupportsIndirectInputEvents = YES;
				INFOPLIST_KEY_UILaunchScreen_Generation = YES;
				INFOPLIST_KEY_UISupportedInterfaceOrientations_iPad = "UIInterfaceOrientationPortrait UIInterfaceOrientationPortraitUpsideDown UIInterfaceOrientationLandscapeLeft UIInterfaceOrientationLandscapeRight";
				INFOPLIST_KEY_UISupportedInterfaceOrientations_iPhone = "UIInterfaceOrientationPortrait UIInterfaceOrientationLandscapeLeft UIInterfaceOrientationLandscapeRight";
				LD_RUNPATH_SEARCH_PATHS = (
					"$(inherited)",
					"@executable_path/Frameworks",
				);
				MARKETING_VERSION = 1.0;
				PRODUCT_BUNDLE_IDENTIFIER = "com.coreml-models.basicpitchdemo";
				PRODUCT_NAME = "$(TARGET_NAME)";
				SWIFT_EMIT_LOC_STRINGS = YES;
				SWIFT_VERSION = 5.0;
				TARGETED_DEVICE_FAMILY = "1,2";
			};
			name = Release;
		};
/* End XCBuildConfiguration section */

/* Begin XCConfigurationList section */
		BP0014 /* Build configuration list for PBXNativeTarget "BasicPitchDemo" */ = {
			isa = XCConfigurationList;
			buildConfigurations = (
				BP0021 /* Debug */,
				BP0022 /* Release */,
			);
			defaultConfigurationIsVisible = 0;
			defaultConfigurationName = Release;
		};
		BP0018 /* Build configuration list for PBXProject "BasicPitchDemo" */ = {
			isa = XCConfigurationList;
			buildConfigurations = (
				BP0019 /* Debug */,
				BP0020 /* Release */,
			);
			defaultConfigurationIsVisible = 0;
			defaultConfigurationName = Release;
		};
/* End XCConfigurationList section */
	};
	rootObject = BP0017 /* Project object */;
}
