// !$*UTF8*$!
{
	archiveVersion = 1;
	classes = {
	};
	objectVersion = 55;
	objects = {

/* Begin PBXBuildFile section */
		733DCC32278512F70049B4C4 /* CoreML_Models_SamplerApp.swift in Sources */ = {isa = PBXBuildFile; fileRef = 733DCC31278512F70049B4C4 /* CoreML_Models_SamplerApp.swift */; };
		733DCC34278512F70049B4C4 /* ContentView.swift in Sources */ = {isa = PBXBuildFile; fileRef = 733DCC33278512F70049B4C4 /* ContentView.swift */; };
		733DCC36278512FC0049B4C4 /* Assets.xcassets in Resources */ = {isa = PBXBuildFile; fileRef = 733DCC35278512FC0049B4C4 /* Assets.xcassets */; };
		733DCC39278512FC0049B4C4 /* Preview Assets.xcassets in Resources */ = {isa = PBXBuildFile; fileRef = 733DCC38278512FC0049B4C4 /* Preview Assets.xcassets */; };
		733DCC43278512FD0049B4C4 /* CoreML_Models_SamplerTests.swift in Sources */ = {isa = PBXBuildFile; fileRef = 733DCC42278512FD0049B4C4 /* CoreML_Models_SamplerTests.swift */; };
		733DCC4D278512FD0049B4C4 /* CoreML_Models_SamplerUITests.swift in Sources */ = {isa = PBXBuildFile; fileRef = 733DCC4C278512FD0049B4C4 /* CoreML_Models_SamplerUITests.swift */; };
		733DCC4F278512FD0049B4C4 /* CoreML_Models_SamplerUITestsLaunchTests.swift in Sources */ = {isa = PBXBuildFile; fileRef = 733DCC4E278512FD0049B4C4 /* CoreML_Models_SamplerUITestsLaunchTests.swift */; };
		733DCC5F278513930049B4C4 /* ImageClassificationViewModel.swift in Sources */ = {isa = PBXBuildFile; fileRef = 733DCC5B278513910049B4C4 /* ImageClassificationViewModel.swift */; };
		733DCC60278513930049B4C4 /* SwiftUIPHPicker.swift in Sources */ = {isa = PBXBuildFile; fileRef = 733DCC5C278513920049B4C4 /* SwiftUIPHPicker.swift */; };
		733DCC61278513930049B4C4 /* ImageClassificationView.swift in Sources */ = {isa = PBXBuildFile; fileRef = 733DCC5D278513920049B4C4 /* ImageClassificationView.swift */; };
		733DCC62278513930049B4C4 /* ImageClassification.swift in Sources */ = {isa = PBXBuildFile; fileRef = 733DCC5E278513930049B4C4 /* ImageClassification.swift */; };
		733DCCB827864AAD0049B4C4 /* models in Resources */ = {isa = PBXBuildFile; fileRef = 733DCCB727864AAC0049B4C4 /* models */; };
		733DCCBA27864AF10049B4C4 /* ImageClassificationModel.swift in Sources */ = {isa = PBXBuildFile; fileRef = 733DCCB927864AF10049B4C4 /* ImageClassificationModel.swift */; };
/* End PBXBuildFile section */

/* Begin PBXContainerItemProxy section */
		733DCC3F278512FD0049B4C4 /* PBXContainerItemProxy */ = {
			isa = PBXContainerItemProxy;
			containerPortal = 733DCC26278512F70049B4C4 /* Project object */;
			proxyType = 1;
			remoteGlobalIDString = 733DCC2D278512F70049B4C4;
			remoteInfo = "CoreML-Models-Sampler";
		};
		733DCC49278512FD0049B4C4 /* PBXContainerItemProxy */ = {
			isa = PBXContainerItemProxy;
			containerPortal = 733DCC26278512F70049B4C4 /* Project object */;
			proxyType = 1;
			remoteGlobalIDString = 733DCC2D278512F70049B4C4;
			remoteInfo = "CoreML-Models-Sampler";
		};
/* End PBXContainerItemProxy section */

/* Begin PBXFileReference section */
		733DCC2E278512F70049B4C4 /* CoreML-Models-Sampler.app */ = {isa = PBXFileReference; explicitFileType = wrapper.application; includeInIndex = 0; path = "CoreML-Models-Sampler.app"; sourceTree = BUILT_PRODUCTS_DIR; };
		733DCC31278512F70049B4C4 /* CoreML_Models_SamplerApp.swift */ = {isa = PBXFileReference; lastKnownFileType = sourcecode.swift; path = CoreML_Models_SamplerApp.swift; sourceTree = "<group>"; };
		733DCC33278512F70049B4C4 /* ContentView.swift */ = {isa = PBXFileReference; lastKnownFileType = sourcecode.swift; path = ContentView.swift; sourceTree = "<group>"; };
		733DCC35278512FC0049B4C4 /* Assets.xcassets */ = {isa = PBXFileReference; lastKnownFileType = folder.assetcatalog; path = Assets.xcassets; sourceTree = "<group>"; };
		733DCC38278512FC0049B4C4 /* Preview Assets.xcassets */ = {isa = PBXFileReference; lastKnownFileType = folder.assetcatalog; path = "Preview Assets.xcassets"; sourceTree = "<group>"; };
		733DCC3E278512FD0049B4C4 /* CoreML-Models-SamplerTests.xctest */ = {isa = PBXFileReference; explicitFileType = wrapper.cfbundle; includeInIndex = 0; path = "CoreML-Models-SamplerTests.xctest"; sourceTree = BUILT_PRODUCTS_DIR; };
		733DCC42278512FD0049B4C4 /* CoreML_Models_SamplerTests.swift */ = {isa = PBXFileReference; lastKnownFileType = sourcecode.swift; path = CoreML_Models_SamplerTests.swift; sourceTree = "<group>"; };
		733DCC48278512FD0049B4C4 /* CoreML-Models-SamplerUITests.xctest */ = {isa = PBXFileReference; explicitFileType = wrapper.cfbundle; includeInIndex = 0; path = "CoreML-Models-SamplerUITests.xctest"; sourceTree = BUILT_PRODUCTS_DIR; };
		733DCC4C278512FD0049B4C4 /* CoreML_Models_SamplerUITests.swift */ = {isa = PBXFileReference; lastKnownFileType = sourcecode.swift; path = CoreML_Models_SamplerUITests.swift; sourceTree = "<group>"; };
		733DCC4E278512FD0049B4C4 /* CoreML_Models_SamplerUITestsLaunchTests.swift */ = {isa = PBXFileReference; lastKnownFileType = sourcecode.swift; path = CoreML_Models_SamplerUITestsLaunchTests.swift; sourceTree = "<group>"; };
		733DCC5B278513910049B4C4 /* ImageClassificationViewModel.swift */ = {isa = PBXFileReference; fileEncoding = 4; lastKnownFileType = sourcecode.swift; path = ImageClassificationViewModel.swift; sourceTree = "<group>"; };
		733DCC5C278513920049B4C4 /* SwiftUIPHPicker.swift */ = {isa = PBXFileReference; fileEncoding = 4; lastKnownFileType = sourcecode.swift; path = SwiftUIPHPicker.swift; sourceTree = "<group>"; };
		733DCC5D278513920049B4C4 /* ImageClassificationView.swift */ = {isa = PBXFileReference; fileEncoding = 4; lastKnownFileType = sourcecode.swift; path = ImageClassificationView.swift; sourceTree = "<group>"; };
		733DCC5E278513930049B4C4 /* ImageClassification.swift */ = {isa = PBXFileReference; fileEncoding = 4; lastKnownFileType = sourcecode.swift; path = ImageClassification.swift; sourceTree = "<group>"; };
		733DCCB727864AAC0049B4C4 /* models */ = {isa = PBXFileReference; lastKnownFileType = folder; path = models; sourceTree = "<group>"; };
		733DCCB927864AF10049B4C4 /* ImageClassificationModel.swift */ = {isa = PBXFileReference; lastKnownFileType = sourcecode.swift; path = ImageClassificationModel.swift; sourceTree = "<group>"; };
/* End PBXFileReference section */

/* Begin PBXFrameworksBuildPhase section */
		733DCC2B278512F70049B4C4 /* Frameworks */ = {
			isa = PBXFrameworksBuildPhase;
			buildActionMask = 2147483647;
			files = (
			);
			runOnlyForDeploymentPostprocessing = 0;
		};
		733DCC3B278512FD0049B4C4 /* Frameworks */ = {
			isa = PBXFrameworksBuildPhase;
			buildActionMask = 2147483647;
			files = (
			);
			runOnlyForDeploymentPostprocessing = 0;
		};
		733DCC45278512FD0049B4C4 /* Frameworks */ = {
			isa = PBXFrameworksBuildPhase;
			buildActionMask = 2147483647;
			files = (
			);
			runOnlyForDeploymentPostprocessing = 0;
		};
/* End PBXFrameworksBuildPhase section */

/* Begin PBXGroup section */
		733DCC25278512F70049B4C4 = {
			isa = PBXGroup;
			children = (
				733DCCB727864AAC0049B4C4 /* models */,
				733DCC30278512F70049B4C4 /* CoreML-Models-Sampler */,
				733DCC41278512FD0049B4C4 /* CoreML-Models-SamplerTests */,
				733DCC4B278512FD0049B4C4 /* CoreML-Models-SamplerUITests */,
				733DCC2F278512F70049B4C4 /* Products */,
			);
			sourceTree = "<group>";
		};
		733DCC2F278512F70049B4C4 /* Products */ = {
			isa = PBXGroup;
			children = (
				733DCC2E278512F70049B4C4 /* CoreML-Models-Sampler.app */,
				733DCC3E278512FD0049B4C4 /* CoreML-Models-SamplerTests.xctest */,
				733DCC48278512FD0049B4C4 /* CoreML-Models-SamplerUITests.xctest */,
			);
			name = Products;
			sourceTree = "<group>";
		};
		733DCC30278512F70049B4C4 /* CoreML-Models-Sampler */ = {
			isa = PBXGroup;
			children = (
				733DCC31278512F70049B4C4 /* CoreML_Models_SamplerApp.swift */,
				733DCC33278512F70049B4C4 /* ContentView.swift */,
				733DCC5E278513930049B4C4 /* ImageClassification.swift */,
				733DCCB927864AF10049B4C4 /* ImageClassificationModel.swift */,
				733DCC5D278513920049B4C4 /* ImageClassificationView.swift */,
				733DCC5B278513910049B4C4 /* ImageClassificationViewModel.swift */,
				733DCC5C278513920049B4C4 /* SwiftUIPHPicker.swift */,
				733DCC35278512FC0049B4C4 /* Assets.xcassets */,
				733DCC37278512FC0049B4C4 /* Preview Content */,
			);
			path = "CoreML-Models-Sampler";
			sourceTree = "<group>";
		};
		733DCC37278512FC0049B4C4 /* Preview Content */ = {
			isa = PBXGroup;
			children = (
				733DCC38278512FC0049B4C4 /* Preview Assets.xcassets */,
			);
			path = "Preview Content";
			sourceTree = "<group>";
		};
		733DCC41278512FD0049B4C4 /* CoreML-Models-SamplerTests */ = {
			isa = PBXGroup;
			children = (
				733DCC42278512FD0049B4C4 /* CoreML_Models_SamplerTests.swift */,
			);
			path = "CoreML-Models-SamplerTests";
			sourceTree = "<group>";
		};
		733DCC4B278512FD0049B4C4 /* CoreML-Models-SamplerUITests */ = {
			isa = PBXGroup;
			children = (
				733DCC4C278512FD0049B4C4 /* CoreML_Models_SamplerUITests.swift */,
				733DCC4E278512FD0049B4C4 /* CoreML_Models_SamplerUITestsLaunchTests.swift */,
			);
			path = "CoreML-Models-SamplerUITests";
			sourceTree = "<group>";
		};
/* End PBXGroup section */

/* Begin PBXNativeTarget section */
		733DCC2D278512F70049B4C4 /* CoreML-Models-Sampler */ = {
			isa = PBXNativeTarget;
			buildConfigurationList = 733DCC52278512FD0049B4C4 /* Build configuration list for PBXNativeTarget "CoreML-Models-Sampler" */;
			buildPhases = (
				733DCC2A278512F70049B4C4 /* Sources */,
				733DCC2B278512F70049B4C4 /* Frameworks */,
				733DCC2C278512F70049B4C4 /* Resources */,
			);
			buildRules = (
			);
			dependencies = (
			);
			name = "CoreML-Models-Sampler";
			productName = "CoreML-Models-Sampler";
			productReference = 733DCC2E278512F70049B4C4 /* CoreML-Models-Sampler.app */;
			productType = "com.apple.product-type.application";
		};
		733DCC3D278512FD0049B4C4 /* CoreML-Models-SamplerTests */ = {
			isa = PBXNativeTarget;
			buildConfigurationList = 733DCC55278512FD0049B4C4 /* Build configuration list for PBXNativeTarget "CoreML-Models-SamplerTests" */;
			buildPhases = (
				733DCC3A278512FD0049B4C4 /* Sources */,
				733DCC3B278512FD0049B4C4 /* Frameworks */,
				733DCC3C278512FD0049B4C4 /* Resources */,
			);
			buildRules = (
			);
			dependencies = (
				733DCC40278512FD0049B4C4 /* PBXTargetDependency */,
			);
			name = "CoreML-Models-SamplerTests";
			productName = "CoreML-Models-SamplerTests";
			productReference = 733DCC3E278512FD0049B4C4 /* CoreML-Models-SamplerTests.xctest */;
			productType = "com.apple.product-type.bundle.unit-test";
		};
		733DCC47278512FD0049B4C4 /* CoreML-Models-SamplerUITests */ = {
			isa = PBXNativeTarget;
			buildConfigurationList = 733DCC58278512FD0049B4C4 /* Build configuration list for PBXNativeTarget "CoreML-Models-SamplerUITests" */;
			buildPhases = (
				733DCC44278512FD0049B4C4 /* Sources */,
				733DCC45278512FD0049B4C4 /* Frameworks */,
				733DCC46278512FD0049B4C4 /* Resources */,
			);
			buildRules = (
			);
			dependencies = (
				733DCC4A278512FD0049B4C4 /* PBXTargetDependency */,
			);
			name = "CoreML-Models-SamplerUITests";
			productName = "CoreML-Models-SamplerUITests";
			productReference = 733DCC48278512FD0049B4C4 /* CoreML-Models-SamplerUITests.xctest */;
			productType = "com.apple.product-type.bundle.ui-testing";
		};
/* End PBXNativeTarget section */

/* Begin PBXProject section */
		733DCC26278512F70049B4C4 /* Project object */ = {
			isa = PBXProject;
			attributes = {
				BuildIndependentTargetsInParallel = 1;
				LastSwiftUpdateCheck = 1320;
				LastUpgradeCheck = 1320;
				TargetAttributes = {
					733DCC2D278512F70049B4C4 = {
						CreatedOnToolsVersion = 13.2.1;
					};
					733DCC3D278512FD0049B4C4 = {
						CreatedOnToolsVersion = 13.2.1;
						TestTargetID = 733DCC2D278512F70049B4C4;
					};
					733DCC47278512FD0049B4C4 = {
						CreatedOnToolsVersion = 13.2.1;
						TestTargetID = 733DCC2D278512F70049B4C4;
					};
				};
			};
			buildConfigurationList = 733DCC29278512F70049B4C4 /* Build configuration list for PBXProject "CoreML-Models-Sampler" */;
			compatibilityVersion = "Xcode 13.0";
			developmentRegion = en;
			hasScannedForEncodings = 0;
			knownRegions = (
				en,
				Base,
			);
			mainGroup = 733DCC25278512F70049B4C4;
			productRefGroup = 733DCC2F278512F70049B4C4 /* Products */;
			projectDirPath = "";
			projectRoot = "";
			targets = (
				733DCC2D278512F70049B4C4 /* CoreML-Models-Sampler */,
				733DCC3D278512FD0049B4C4 /* CoreML-Models-SamplerTests */,
				733DCC47278512FD0049B4C4 /* CoreML-Models-SamplerUITests */,
			);
		};
/* End PBXProject section */

/* Begin PBXResourcesBuildPhase section */
		733DCC2C278512F70049B4C4 /* Resources */ = {
			isa = PBXResourcesBuildPhase;
			buildActionMask = 2147483647;
			files = (
				733DCC39278512FC0049B4C4 /* Preview Assets.xcassets in Resources */,
				733DCCB827864AAD0049B4C4 /* models in Resources */,
				733DCC36278512FC0049B4C4 /* Assets.xcassets in Resources */,
			);
			runOnlyForDeploymentPostprocessing = 0;
		};
		733DCC3C278512FD0049B4C4 /* Resources */ = {
			isa = PBXResourcesBuildPhase;
			buildActionMask = 2147483647;
			files = (
			);
			runOnlyForDeploymentPostprocessing = 0;
		};
		733DCC46278512FD0049B4C4 /* Resources */ = {
			isa = PBXResourcesBuildPhase;
			buildActionMask = 2147483647;
			files = (
			);
			runOnlyForDeploymentPostprocessing = 0;
		};
/* End PBXResourcesBuildPhase section */

/* Begin PBXSourcesBuildPhase section */
		733DCC2A278512F70049B4C4 /* Sources */ = {
			isa = PBXSourcesBuildPhase;
			buildActionMask = 2147483647;
			files = (
				733DCCBA27864AF10049B4C4 /* ImageClassificationModel.swift in Sources */,
				733DCC34278512F70049B4C4 /* ContentView.swift in Sources */,
				733DCC60278513930049B4C4 /* SwiftUIPHPicker.swift in Sources */,
				733DCC5F278513930049B4C4 /* ImageClassificationViewModel.swift in Sources */,
				733DCC62278513930049B4C4 /* ImageClassification.swift in Sources */,
				733DCC32278512F70049B4C4 /* CoreML_Models_SamplerApp.swift in Sources */,
				733DCC61278513930049B4C4 /* ImageClassificationView.swift in Sources */,
			);
			runOnlyForDeploymentPostprocessing = 0;
		};
		733DCC3A278512FD0049B4C4 /* Sources */ = {
			isa = PBXSourcesBuildPhase;
			buildActionMask = 2147483647;
			files = (
				733DCC43278512FD0049B4C4 /* CoreML_Models_SamplerTests.swift in Sources */,
			);
			runOnlyForDeploymentPostprocessing = 0;
		};
		733DCC44278512FD0049B4C4 /* Sources */ = {
			isa = PBXSourcesBuildPhase;
			buildActionMask = 2147483647;
			files = (
				733DCC4D278512FD0049B4C4 /* CoreML_Models_SamplerUITests.swift in Sources */,
				733DCC4F278512FD0049B4C4 /* CoreML_Models_SamplerUITestsLaunchTests.swift in Sources */,
			);
			runOnlyForDeploymentPostprocessing = 0;
		};
/* End PBXSourcesBuildPhase section */

/* Begin PBXTargetDependency section */
		733DCC40278512FD0049B4C4 /* PBXTargetDependency */ = {
			isa = PBXTargetDependency;
			target = 733DCC2D278512F70049B4C4 /* CoreML-Models-Sampler */;
			targetProxy = 733DCC3F278512FD0049B4C4 /* PBXContainerItemProxy */;
		};
		733DCC4A278512FD0049B4C4 /* PBXTargetDependency */ = {
			isa = PBXTargetDependency;
			target = 733DCC2D278512F70049B4C4 /* CoreML-Models-Sampler */;
			targetProxy = 733DCC49278512FD0049B4C4 /* PBXContainerItemProxy */;
		};
/* End PBXTargetDependency section */

/* Begin XCBuildConfiguration section */
		733DCC50278512FD0049B4C4 /* Debug */ = {
			isa = XCBuildConfiguration;
			buildSettings = {
				ALWAYS_SEARCH_USER_PATHS = NO;
				CLANG_ANALYZER_NONNULL = YES;
				CLANG_ANALYZER_NUMBER_OBJECT_CONVERSION = YES_AGGRESSIVE;
				CLANG_CXX_LANGUAGE_STANDARD = "gnu++17";
				CLANG_CXX_LIBRARY = "libc++";
				CLANG_ENABLE_MODULES = YES;
				CLANG_ENABLE_OBJC_ARC = YES;
				CLANG_ENABLE_OBJC_WEAK = YES;
				CLANG_WARN_BLOCK_CAPTURE_AUTORELEASING = YES;
				CLANG_WARN_BOOL_CONVERSION = YES;
				CLANG_WARN_COMMA = YES;
				CLANG_WARN_CONSTANT_CONVERSION = YES;
				CLANG_WARN_DEPRECATED_OBJC_IMPLEMENTATIONS = YES;
				CLANG_WARN_DIRECT_OBJC_ISA_USAGE = YES_ERROR;
				CLANG_WARN_DOCUMENTATION_COMMENTS = YES;
				CLANG_WARN_EMPTY_BODY = YES;
				CLANG_WARN_ENUM_CONVERSION = YES;
				CLANG_WARN_INFINITE_RECURSION = YES;
				CLANG_WARN_INT_CONVERSION = YES;
				CLANG_WARN_NON_LITERAL_NULL_CONVERSION = YES;
				CLANG_WARN_OBJC_IMPLICIT_RETAIN_SELF = YES;
				CLANG_WARN_OBJC_LITERAL_CONVERSION = YES;
				CLANG_WARN_OBJC_ROOT_CLASS = YES_ERROR;
				CLANG_WARN_QUOTED_INCLUDE_IN_FRAMEWORK_HEADER = YES;
				CLANG_WARN_RANGE_LOOP_ANALYSIS = YES;
				CLANG_WARN_STRICT_PROTOTYPES = YES;
				CLANG_WARN_SUSPICIOUS_MOVE = YES;
				CLANG_WARN_UNGUARDED_AVAILABILITY = YES_AGGRESSIVE;
				CLANG_WARN_UNREACHABLE_CODE = YES;
				CLANG_WARN__DUPLICATE_METHOD_MATCH = YES;
				COPY_PHASE_STRIP = NO;
				DEBUG_INFORMATION_FORMAT = dwarf;
				ENABLE_STRICT_OBJC_MSGSEND = YES;
				ENABLE_TESTABILITY = YES;
				GCC_C_LANGUAGE_STANDARD = gnu11;
				GCC_DYNAMIC_NO_PIC = NO;
				GCC_NO_COMMON_BLOCKS = YES;
				GCC_OPTIMIZATION_LEVEL = 0;
				GCC_PREPROCESSOR_DEFINITIONS = (
					"DEBUG=1",
					"$(inherited)",
				);
				GCC_WARN_64_TO_32_BIT_CONVERSION = YES;
				GCC_WARN_ABOUT_RETURN_TYPE = YES_ERROR;
				GCC_WARN_UNDECLARED_SELECTOR = YES;
				GCC_WARN_UNINITIALIZED_AUTOS = YES_AGGRESSIVE;
				GCC_WARN_UNUSED_FUNCTION = YES;
				GCC_WARN_UNUSED_VARIABLE = YES;
				IPHONEOS_DEPLOYMENT_TARGET = 15.2;
				MTL_ENABLE_DEBUG_INFO = INCLUDE_SOURCE;
				MTL_FAST_MATH = YES;
				ONLY_ACTIVE_ARCH = YES;
				SDKROOT = iphoneos;
				SWIFT_ACTIVE_COMPILATION_CONDITIONS = DEBUG;
				SWIFT_OPTIMIZATION_LEVEL = "-Onone";
			};
			name = Debug;
		};
		733DCC51278512FD0049B4C4 /* Release */ = {
			isa = XCBuildConfiguration;
			buildSettings = {
				ALWAYS_SEARCH_USER_PATHS = NO;
				CLANG_ANALYZER_NONNULL = YES;
				CLANG_ANALYZER_NUMBER_OBJECT_CONVERSION = YES_AGGRESSIVE;
				CLANG_CXX_LANGUAGE_STANDARD = "gnu++17";
				CLANG_CXX_LIBRARY = "libc++";
				CLANG_ENABLE_MODULES = YES;
				CLANG_ENABLE_OBJC_ARC = YES;
				CLANG_ENABLE_OBJC_WEAK = YES;
				CLANG_WARN_BLOCK_CAPTURE_AUTORELEASING = YES;
				CLANG_WARN_BOOL_CONVERSION = YES;
				CLANG_WARN_COMMA = YES;
				CLANG_WARN_CONSTANT_CONVERSION = YES;
				CLANG_WARN_DEPRECATED_OBJC_IMPLEMENTATIONS = YES;
				CLANG_WARN_DIRECT_OBJC_ISA_USAGE = YES_ERROR;
				CLANG_WARN_DOCUMENTATION_COMMENTS = YES;
				CLANG_WARN_EMPTY_BODY = YES;
				CLANG_WARN_ENUM_CONVERSION = YES;
				CLANG_WARN_INFINITE_RECURSION = YES;
				CLANG_WARN_INT_CONVERSION = YES;
				CLANG_WARN_NON_LITERAL_NULL_CONVERSION = YES;
				CLANG_WARN_OBJC_IMPLICIT_RETAIN_SELF = YES;
				CLANG_WARN_OBJC_LITERAL_CONVERSION = YES;
				CLANG_WARN_OBJC_ROOT_CLASS = YES_ERROR;
				CLANG_WARN_QUOTED_INCLUDE_IN_FRAMEWORK_HEADER = YES;
				CLANG_WARN_RANGE_LOOP_ANALYSIS = YES;
				CLANG_WARN_STRICT_PROTOTYPES = YES;
				CLANG_WARN_SUSPICIOUS_MOVE = YES;
				CLANG_WARN_UNGUARDED_AVAILABILITY = YES_AGGRESSIVE;
				CLANG_WARN_UNREACHABLE_CODE = YES;
				CLANG_WARN__DUPLICATE_METHOD_MATCH = YES;
				COPY_PHASE_STRIP = NO;
				DEBUG_INFORMATION_FORMAT = "dwarf-with-dsym";
				ENABLE_NS_ASSERTIONS = NO;
				ENABLE_STRICT_OBJC_MSGSEND = YES;
				GCC_C_LANGUAGE_STANDARD = gnu11;
				GCC_NO_COMMON_BLOCKS = YES;
				GCC_WARN_64_TO_32_BIT_CONVERSION = YES;
				GCC_WARN_ABOUT_RETURN_TYPE = YES_ERROR;
				GCC_WARN_UNDECLARED_SELECTOR = YES;
				GCC_WARN_UNINITIALIZED_AUTOS = YES_AGGRESSIVE;
				GCC_WARN_UNUSED_FUNCTION = YES;
				GCC_WARN_UNUSED_VARIABLE = YES;
				IPHONEOS_DEPLOYMENT_TARGET = 15.2;
				MTL_ENABLE_DEBUG_INFO = NO;
				MTL_FAST_MATH = YES;
				SDKROOT = iphoneos;
				SWIFT_COMPILATION_MODE = wholemodule;
				SWIFT_OPTIMIZATION_LEVEL = "-O";
				VALIDATE_PRODUCT = YES;
			};
			name = Release;
		};
		733DCC53278512FD0049B4C4 /* Debug */ = {
			isa = XCBuildConfiguration;
			buildSettings = {
				ASSETCATALOG_COMPILER_APPICON_NAME = AppIcon;
				ASSETCATALOG_COMPILER_GLOBAL_ACCENT_COLOR_NAME = AccentColor;
				CODE_SIGN_STYLE = Automatic;
				CURRENT_PROJECT_VERSION = 1;
				DEVELOPMENT_ASSET_PATHS = "\"CoreML-Models-Sampler/Preview Content\"";
				DEVELOPMENT_TEAM = MFN25KNUGJ;
				ENABLE_PREVIEWS = YES;
				GENERATE_INFOPLIST_FILE = YES;
				INFOPLIST_KEY_UIApplicationSceneManifest_Generation = YES;
				INFOPLIST_KEY_UIApplicationSupportsIndirectInputEvents = YES;
				INFOPLIST_KEY_UILaunchScreen_Generation = YES;
				INFOPLIST_KEY_UISupportedInterfaceOrientations_iPad = "UIInterfaceOrientationPortrait UIInterfaceOrientationPortraitUpsideDown UIInterfaceOrientationLandscapeLeft UIInterfaceOrientationLandscapeRight";
				INFOPLIST_KEY_UISupportedInterfaceOrientations_iPhone = "UIInterfaceOrientationPortrait UIInterfaceOrientationLandscapeLeft UIInterfaceOrientationLandscapeRight";
				IPHONEOS_DEPLOYMENT_TARGET = 14.0;
				LD_RUNPATH_SEARCH_PATHS = (
					"$(inherited)",
					"@executable_path/Frameworks",
				);
				MARKETING_VERSION = 1.0;
				PRODUCT_BUNDLE_IDENTIFIER = "com.daisukemajima.CoreML-Models-Sampler";
				PRODUCT_NAME = "$(TARGET_NAME)";
				SWIFT_EMIT_LOC_STRINGS = YES;
				SWIFT_VERSION = 5.0;
				TARGETED_DEVICE_FAMILY = "1,2";
			};
			name = Debug;
		};
		733DCC54278512FD0049B4C4 /* Release */ = {
			isa = XCBuildConfiguration;
			buildSettings = {
				ASSETCATALOG_COMPILER_APPICON_NAME = AppIcon;
				ASSETCATALOG_COMPILER_GLOBAL_ACCENT_COLOR_NAME = AccentColor;
				CODE_SIGN_STYLE = Automatic;
				CURRENT_PROJECT_VERSION = 1;
				DEVELOPMENT_ASSET_PATHS = "\"CoreML-Models-Sampler/Preview Content\"";
				DEVELOPMENT_TEAM = MFN25KNUGJ;
				ENABLE_PREVIEWS = YES;
				GENERATE_INFOPLIST_FILE = YES;
				INFOPLIST_KEY_UIApplicationSceneManifest_Generation = YES;
				INFOPLIST_KEY_UIApplicationSupportsIndirectInputEvents = YES;
				INFOPLIST_KEY_UILaunchScreen_Generation = YES;
				INFOPLIST_KEY_UISupportedInterfaceOrientations_iPad = "UIInterfaceOrientationPortrait UIInterfaceOrientationPortraitUpsideDown UIInterfaceOrientationLandscapeLeft UIInterfaceOrientationLandscapeRight";
				INFOPLIST_KEY_UISupportedInterfaceOrientations_iPhone = "UIInterfaceOrientationPortrait UIInterfaceOrientationLandscapeLeft UIInterfaceOrientationLandscapeRight";
				IPHONEOS_DEPLOYMENT_TARGET = 14.0;
				LD_RUNPATH_SEARCH_PATHS = (
					"$(inherited)",
					"@executable_path/Frameworks",
				);
				MARKETING_VERSION = 1.0;
				PRODUCT_BUNDLE_IDENTIFIER = "com.daisukemajima.CoreML-Models-Sampler";
				PRODUCT_NAME = "$(TARGET_NAME)";
				SWIFT_EMIT_LOC_STRINGS = YES;
				SWIFT_VERSION = 5.0;
				TARGETED_DEVICE_FAMILY = "1,2";
			};
			name = Release;
		};
		733DCC56278512FD0049B4C4 /* Debug */ = {
			isa = XCBuildConfiguration;
			buildSettings = {
				ALWAYS_EMBED_SWIFT_STANDARD_LIBRARIES = YES;
				BUNDLE_LOADER = "$(TEST_HOST)";
				CODE_SIGN_STYLE = Automatic;
				CURRENT_PROJECT_VERSION = 1;
				DEVELOPMENT_TEAM = MFN25KNUGJ;
				GENERATE_INFOPLIST_FILE = YES;
				IPHONEOS_DEPLOYMENT_TARGET = 15.2;
				MARKETING_VERSION = 1.0;
				PRODUCT_BUNDLE_IDENTIFIER = "com.daisukemajima.CoreML-Models-SamplerTests";
				PRODUCT_NAME = "$(TARGET_NAME)";
				SWIFT_EMIT_LOC_STRINGS = NO;
				SWIFT_VERSION = 5.0;
				TARGETED_DEVICE_FAMILY = "1,2";
				TEST_HOST = "$(BUILT_PRODUCTS_DIR)/CoreML-Models-Sampler.app/CoreML-Models-Sampler";
			};
			name = Debug;
		};
		733DCC57278512FD0049B4C4 /* Release */ = {
			isa = XCBuildConfiguration;
			buildSettings = {
				ALWAYS_EMBED_SWIFT_STANDARD_LIBRARIES = YES;
				BUNDLE_LOADER = "$(TEST_HOST)";
				CODE_SIGN_STYLE = Automatic;
				CURRENT_PROJECT_VERSION = 1;
				DEVELOPMENT_TEAM = MFN25KNUGJ;
				GENERATE_INFOPLIST_FILE = YES;
				IPHONEOS_DEPLOYMENT_TARGET = 15.2;
				MARKETING_VERSION = 1.0;
				PRODUCT_BUNDLE_IDENTIFIER = "com.daisukemajima.CoreML-Models-SamplerTests";
				PRODUCT_NAME = "$(TARGET_NAME)";
				SWIFT_EMIT_LOC_STRINGS = NO;
				SWIFT_VERSION = 5.0;
				TARGETED_DEVICE_FAMILY = "1,2";
				TEST_HOST = "$(BUILT_PRODUCTS_DIR)/CoreML-Models-Sampler.app/CoreML-Models-Sampler";
			};
			name = Release;
		};
		733DCC59278512FD0049B4C4 /* Debug */ = {
			isa = XCBuildConfiguration;
			buildSettings = {
				ALWAYS_EMBED_SWIFT_STANDARD_LIBRARIES = YES;
				CODE_SIGN_STYLE = Automatic;
				CURRENT_PROJECT_VERSION = 1;
				DEVELOPMENT_TEAM = MFN25KNUGJ;
				GENERATE_INFOPLIST_FILE = YES;
				MARKETING_VERSION = 1.0;
				PRODUCT_BUNDLE_IDENTIFIER = "com.daisukemajima.CoreML-Models-SamplerUITests";
				PRODUCT_NAME = "$(TARGET_NAME)";
				SWIFT_EMIT_LOC_STRINGS = NO;
				SWIFT_VERSION = 5.0;
				TARGETED_DEVICE_FAMILY = "1,2";
				TEST_TARGET_NAME = "CoreML-Models-Sampler";
			};
			name = Debug;
		};
		733DCC5A278512FD0049B4C4 /* Release */ = {
			isa = XCBuildConfiguration;
			buildSettings = {
				ALWAYS_EMBED_SWIFT_STANDARD_LIBRARIES = YES;
				CODE_SIGN_STYLE = Automatic;
				CURRENT_PROJECT_VERSION = 1;
				DEVELOPMENT_TEAM = MFN25KNUGJ;
				GENERATE_INFOPLIST_FILE = YES;
				MARKETING_VERSION = 1.0;
				PRODUCT_BUNDLE_IDENTIFIER = "com.daisukemajima.CoreML-Models-SamplerUITests";
				PRODUCT_NAME = "$(TARGET_NAME)";
				SWIFT_EMIT_LOC_STRINGS = NO;
				SWIFT_VERSION = 5.0;
				TARGETED_DEVICE_FAMILY = "1,2";
				TEST_TARGET_NAME = "CoreML-Models-Sampler";
			};
			name = Release;
		};
/* End XCBuildConfiguration section */

/* Begin XCConfigurationList section */
		733DCC29278512F70049B4C4 /* Build configuration list for PBXProject "CoreML-Models-Sampler" */ = {
			isa = XCConfigurationList;
			buildConfigurations = (
				733DCC50278512FD0049B4C4 /* Debug */,
				733DCC51278512FD0049B4C4 /* Release */,
			);
			defaultConfigurationIsVisible = 0;
			defaultConfigurationName = Release;
		};
		733DCC52278512FD0049B4C4 /* Build configuration list for PBXNativeTarget "CoreML-Models-Sampler" */ = {
			isa = XCConfigurationList;
			buildConfigurations = (
				733DCC53278512FD0049B4C4 /* Debug */,
				733DCC54278512FD0049B4C4 /* Release */,
			);
			defaultConfigurationIsVisible = 0;
			defaultConfigurationName = Release;
		};
		733DCC55278512FD0049B4C4 /* Build configuration list for PBXNativeTarget "CoreML-Models-SamplerTests" */ = {
			isa = XCConfigurationList;
			buildConfigurations = (
				733DCC56278512FD0049B4C4 /* Debug */,
				733DCC57278512FD0049B4C4 /* Release */,
			);
			defaultConfigurationIsVisible = 0;
			defaultConfigurationName = Release;
		};
		733DCC58278512FD0049B4C4 /* Build configuration list for PBXNativeTarget "CoreML-Models-SamplerUITests" */ = {
			isa = XCConfigurationList;
			buildConfigurations = (
				733DCC59278512FD0049B4C4 /* Debug */,
				733DCC5A278512FD0049B4C4 /* Release */,
			);
			defaultConfigurationIsVisible = 0;
			defaultConfigurationName = Release;
		};
/* End XCConfigurationList section */
	};
	rootObject = 733DCC26278512F70049B4C4 /* Project object */;
}
